
Microsoft Visual Studio Solution File, Format Version 12.00
# Visual Studio Version 17
VisualStudioVersion = 17.3.32611.2
MinimumVisualStudioVersion = 10.0.40219.1
Project("{2150E333-8FDC-42A3-9474-1A3956D46DE8}") = "Solution Items", "Solution Items", "{F51F88BB-6417-4EE3-B8DC-C7C0A2FA1105}"
	ProjectSection(SolutionItems) = preProject
		.editorconfig = .editorconfig
		LICENSE.txt = LICENSE.txt
	EndProjectSection
EndProject
Project("{9A19103F-16F7-4668-BE54-9A1E7A4F7556}") = "Standardly.Templates", "Standardly.Templates\Standardly.Templates.csproj", "{FEC50883-6350-4D5F-9D4B-F30988D006A6}"
EndProject
Project("{9A19103F-16F7-4668-BE54-9A1E7A4F7556}") = "Standardly.Templates.Infrastructure.Build", "Standardly.Templates.Infrastructure.Build\Standardly.Templates.Infrastructure.Build.csproj", "{99BD9485-A93A-4833-BBEA-948FC38682FA}"
EndProject
Project("{9A19103F-16F7-4668-BE54-9A1E7A4F7556}") = "Standardly.Templates.Tests.Acceptance", "Standardly.Templates.Tests.Acceptance\Standardly.Templates.Tests.Acceptance.csproj", "{ED4AD525-3C6A-48E6-9D18-73B067684640}"
EndProject
Project("{9A19103F-16F7-4668-BE54-9A1E7A4F7556}") = "Standardly.Commands", "..\Standardly.Commands\Standardly.Commands\Standardly.Commands.csproj", "{AC165055-0580-49E1-B3CD-BE5232F020DB}"
EndProject
Project("{9A19103F-16F7-4668-BE54-9A1E7A4F7556}") = "Standardly.Core", "..\Standardly.Core\Standardly.Core\Standardly.Core.csproj", "{8D0EE903-F157-4D7A-B735-2FCB2E0BA140}"
EndProject
Project("{9A19103F-16F7-4668-BE54-9A1E7A4F7556}") = "Standardly.Core.Tests.Acceptance", "..\Standardly.Core\Standardly.Core.Tests.Acceptance\Standardly.Core.Tests.Acceptance.csproj", "{1348DFD4-6CA9-4A01-8A06-B2B26A0DC05D}"
EndProject
Global
	GlobalSection(SolutionConfigurationPlatforms) = preSolution
		Debug|Any CPU = Debug|Any CPU
		Release|Any CPU = Release|Any CPU
	EndGlobalSection
	GlobalSection(ProjectConfigurationPlatforms) = postSolution
		{FEC50883-6350-4D5F-9D4B-F30988D006A6}.Debug|Any CPU.ActiveCfg = Debug|Any CPU
		{FEC50883-6350-4D5F-9D4B-F30988D006A6}.Debug|Any CPU.Build.0 = Debug|Any CPU
		{FEC50883-6350-4D5F-9D4B-F30988D006A6}.Release|Any CPU.ActiveCfg = Release|Any CPU
		{FEC50883-6350-4D5F-9D4B-F30988D006A6}.Release|Any CPU.Build.0 = Release|Any CPU
		{99BD9485-A93A-4833-BBEA-948FC38682FA}.Debug|Any CPU.ActiveCfg = Debug|Any CPU
		{99BD9485-A93A-4833-BBEA-948FC38682FA}.Debug|Any CPU.Build.0 = Debug|Any CPU
		{99BD9485-A93A-4833-BBEA-948FC38682FA}.Release|Any CPU.ActiveCfg = Release|Any CPU
		{99BD9485-A93A-4833-BBEA-948FC38682FA}.Release|Any CPU.Build.0 = Release|Any CPU
		{ED4AD525-3C6A-48E6-9D18-73B067684640}.Debug|Any CPU.ActiveCfg = Debug|Any CPU
		{ED4AD525-3C6A-48E6-9D18-73B067684640}.Debug|Any CPU.Build.0 = Debug|Any CPU
		{ED4AD525-3C6A-48E6-9D18-73B067684640}.Release|Any CPU.ActiveCfg = Release|Any CPU
		{ED4AD525-3C6A-48E6-9D18-73B067684640}.Release|Any CPU.Build.0 = Release|Any CPU
		{AC165055-0580-49E1-B3CD-BE5232F020DB}.Debug|Any CPU.ActiveCfg = Debug|Any CPU
		{AC165055-0580-49E1-B3CD-BE5232F020DB}.Debug|Any CPU.Build.0 = Debug|Any CPU
		{AC165055-0580-49E1-B3CD-BE5232F020DB}.Release|Any CPU.ActiveCfg = Release|Any CPU
		{AC165055-0580-49E1-B3CD-BE5232F020DB}.Release|Any CPU.Build.0 = Release|Any CPU
		{8D0EE903-F157-4D7A-B735-2FCB2E0BA140}.Debug|Any CPU.ActiveCfg = Debug|Any CPU
		{8D0EE903-F157-4D7A-B735-2FCB2E0BA140}.Debug|Any CPU.Build.0 = Debug|Any CPU
		{8D0EE903-F157-4D7A-B735-2FCB2E0BA140}.Release|Any CPU.ActiveCfg = Release|Any CPU
		{8D0EE903-F157-4D7A-B735-2FCB2E0BA140}.Release|Any CPU.Build.0 = Release|Any CPU
		{1348DFD4-6CA9-4A01-8A06-B2B26A0DC05D}.Debug|Any CPU.ActiveCfg = Debug|Any CPU
		{1348DFD4-6CA9-4A01-8A06-B2B26A0DC05D}.Debug|Any CPU.Build.0 = Debug|Any CPU
		{1348DFD4-6CA9-4A01-8A06-B2B26A0DC05D}.Release|Any CPU.ActiveCfg = Release|Any CPU
		{1348DFD4-6CA9-4A01-8A06-B2B26A0DC05D}.Release|Any CPU.Build.0 = Release|Any CPU
	EndGlobalSection
	GlobalSection(SolutionProperties) = preSolution
		HideSolutionNode = FALSE
	EndGlobalSection
	GlobalSection(ExtensibilityGlobals) = postSolution
		SolutionGuid = {3A782592-2A79-41C3-B426-63BD9DD537B8}
	EndGlobalSection
EndGlobal
